// !$*UTF8*$!
{
	archiveVersion = 1;
	classes = {
	};
	objectVersion = 46;
	objects = {

/* Begin PBXBuildFile section */
		A81D05781AA8EF3100F204A5 /* main.m in Sources */ = {isa = PBXBuildFile; fileRef = A81D05771AA8EF3100F204A5 /* main.m */; };
		A81D057B1AA8EF3100F204A5 /* AppDelegate.m in Sources */ = {isa = PBXBuildFile; fileRef = A81D057A1AA8EF3100F204A5 /* AppDelegate.m */; };
		A81D057E1AA8EF3100F204A5 /* SettingsController.m in Sources */ = {isa = PBXBuildFile; fileRef = A81D057D1AA8EF3100F204A5 /* SettingsController.m */; };
		A81D05811AA8EF3100F204A5 /* Main.storyboard in Resources */ = {isa = PBXBuildFile; fileRef = A81D057F1AA8EF3100F204A5 /* Main.storyboard */; };
		A81D05831AA8EF3100F204A5 /* Images.xcassets in Resources */ = {isa = PBXBuildFile; fileRef = A81D05821AA8EF3100F204A5 /* Images.xcassets */; };
		A81D05861AA8EF3100F204A5 /* LaunchScreen.xib in Resources */ = {isa = PBXBuildFile; fileRef = A81D05841AA8EF3100F204A5 /* LaunchScreen.xib */; };
		A81D05921AA8EF3100F204A5 /* HW_SettingsTests.m in Sources */ = {isa = PBXBuildFile; fileRef = A81D05911AA8EF3100F204A5 /* HW_SettingsTests.m */; };
		A81D059E1AA8F07200F204A5 /* BaseNode.m in Sources */ = {isa = PBXBuildFile; fileRef = A81D059D1AA8F07200F204A5 /* BaseNode.m */; };
		A81D05A11AA8F2E000F204A5 /* SelectNode.m in Sources */ = {isa = PBXBuildFile; fileRef = A81D05A01AA8F2E000F204A5 /* SelectNode.m */; };
		A81D05A71AA8F6D600F204A5 /* GroupNode.m in Sources */ = {isa = PBXBuildFile; fileRef = A81D05A61AA8F6D600F204A5 /* GroupNode.m */; };
		A81D05AA1AA8F8D800F204A5 /* SettingsDataProvider.m in Sources */ = {isa = PBXBuildFile; fileRef = A81D05A91AA8F8D800F204A5 /* SettingsDataProvider.m */; };
		A87069EE1AAADB64001AA6E9 /* BoolNode.m in Sources */ = {isa = PBXBuildFile; fileRef = A87069ED1AAADB64001AA6E9 /* BoolNode.m */; };
		A87069F41AAB6670001AA6E9 /* ViewController.m in Sources */ = {isa = PBXBuildFile; fileRef = A87069F31AAB6670001AA6E9 /* ViewController.m */; };
		B25DD0DD1AB1EE47003EEE9D /* DetailSettingsController.m in Sources */ = {isa = PBXBuildFile; fileRef = B25DD0DC1AB1EE47003EEE9D /* DetailSettingsController.m */; };
		B25DD0E01AB1F030003EEE9D /* BaseCell.m in Sources */ = {isa = PBXBuildFile; fileRef = B25DD0DF1AB1F030003EEE9D /* BaseCell.m */; };
		B25DD0E91AB1F12E003EEE9D /* DetailCell.m in Sources */ = {isa = PBXBuildFile; fileRef = B25DD0E81AB1F12E003EEE9D /* DetailCell.m */; };
		B25DD0EC1AB1F198003EEE9D /* SwitchCell.m in Sources */ = {isa = PBXBuildFile; fileRef = B25DD0EB1AB1F198003EEE9D /* SwitchCell.m */; };
/* End PBXBuildFile section */

/* Begin PBXContainerItemProxy section */
		A81D058C1AA8EF3100F204A5 /* PBXContainerItemProxy */ = {
			isa = PBXContainerItemProxy;
			containerPortal = A81D056A1AA8EF3100F204A5 /* Project object */;
			proxyType = 1;
			remoteGlobalIDString = A81D05711AA8EF3100F204A5;
			remoteInfo = HW_Settings;
		};
/* End PBXContainerItemProxy section */

/* Begin PBXFileReference section */
		A81D05721AA8EF3100F204A5 /* HW_Settings.app */ = {isa = PBXFileReference; explicitFileType = wrapper.application; includeInIndex = 0; path = HW_Settings.app; sourceTree = BUILT_PRODUCTS_DIR; };
		A81D05761AA8EF3100F204A5 /* Info.plist */ = {isa = PBXFileReference; lastKnownFileType = text.plist.xml; path = Info.plist; sourceTree = "<group>"; };
		A81D05771AA8EF3100F204A5 /* main.m */ = {isa = PBXFileReference; lastKnownFileType = sourcecode.c.objc; path = main.m; sourceTree = "<group>"; };
		A81D05791AA8EF3100F204A5 /* AppDelegate.h */ = {isa = PBXFileReference; lastKnownFileType = sourcecode.c.h; path = AppDelegate.h; sourceTree = "<group>"; };
		A81D057A1AA8EF3100F204A5 /* AppDelegate.m */ = {isa = PBXFileReference; lastKnownFileType = sourcecode.c.objc; path = AppDelegate.m; sourceTree = "<group>"; };
		A81D057C1AA8EF3100F204A5 /* SettingsController.h */ = {isa = PBXFileReference; lastKnownFileType = sourcecode.c.h; path = SettingsController.h; sourceTree = "<group>"; };
		A81D057D1AA8EF3100F204A5 /* SettingsController.m */ = {isa = PBXFileReference; lastKnownFileType = sourcecode.c.objc; path = SettingsController.m; sourceTree = "<group>"; };
		A81D05801AA8EF3100F204A5 /* Base */ = {isa = PBXFileReference; lastKnownFileType = file.storyboard; name = Base; path = Base.lproj/Main.storyboard; sourceTree = "<group>"; };
		A81D05821AA8EF3100F204A5 /* Images.xcassets */ = {isa = PBXFileReference; lastKnownFileType = folder.assetcatalog; path = Images.xcassets; sourceTree = "<group>"; };
		A81D05851AA8EF3100F204A5 /* Base */ = {isa = PBXFileReference; lastKnownFileType = file.xib; name = Base; path = Base.lproj/LaunchScreen.xib; sourceTree = "<group>"; };
		A81D058B1AA8EF3100F204A5 /* HW_SettingsTests.xctest */ = {isa = PBXFileReference; explicitFileType = wrapper.cfbundle; includeInIndex = 0; path = HW_SettingsTests.xctest; sourceTree = BUILT_PRODUCTS_DIR; };
		A81D05901AA8EF3100F204A5 /* Info.plist */ = {isa = PBXFileReference; lastKnownFileType = text.plist.xml; path = Info.plist; sourceTree = "<group>"; };
		A81D05911AA8EF3100F204A5 /* HW_SettingsTests.m */ = {isa = PBXFileReference; lastKnownFileType = sourcecode.c.objc; path = HW_SettingsTests.m; sourceTree = "<group>"; };
		A81D059C1AA8F07200F204A5 /* BaseNode.h */ = {isa = PBXFileReference; fileEncoding = 4; lastKnownFileType = sourcecode.c.h; path = BaseNode.h; sourceTree = "<group>"; };
		A81D059D1AA8F07200F204A5 /* BaseNode.m */ = {isa = PBXFileReference; fileEncoding = 4; lastKnownFileType = sourcecode.c.objc; path = BaseNode.m; sourceTree = "<group>"; };
		A81D059F1AA8F2E000F204A5 /* SelectNode.h */ = {isa = PBXFileReference; fileEncoding = 4; lastKnownFileType = sourcecode.c.h; path = SelectNode.h; sourceTree = "<group>"; };
		A81D05A01AA8F2E000F204A5 /* SelectNode.m */ = {isa = PBXFileReference; fileEncoding = 4; lastKnownFileType = sourcecode.c.objc; path = SelectNode.m; sourceTree = "<group>"; };
		A81D05A51AA8F6D600F204A5 /* GroupNode.h */ = {isa = PBXFileReference; fileEncoding = 4; lastKnownFileType = sourcecode.c.h; path = GroupNode.h; sourceTree = "<group>"; };
		A81D05A61AA8F6D600F204A5 /* GroupNode.m */ = {isa = PBXFileReference; fileEncoding = 4; lastKnownFileType = sourcecode.c.objc; path = GroupNode.m; sourceTree = "<group>"; };
		A81D05A81AA8F8D800F204A5 /* SettingsDataProvider.h */ = {isa = PBXFileReference; fileEncoding = 4; lastKnownFileType = sourcecode.c.h; path = SettingsDataProvider.h; sourceTree = "<group>"; };
		A81D05A91AA8F8D800F204A5 /* SettingsDataProvider.m */ = {isa = PBXFileReference; fileEncoding = 4; lastKnownFileType = sourcecode.c.objc; path = SettingsDataProvider.m; sourceTree = "<group>"; };
		A87069EC1AAADB64001AA6E9 /* BoolNode.h */ = {isa = PBXFileReference; fileEncoding = 4; lastKnownFileType = sourcecode.c.h; path = BoolNode.h; sourceTree = "<group>"; };
		A87069ED1AAADB64001AA6E9 /* BoolNode.m */ = {isa = PBXFileReference; fileEncoding = 4; lastKnownFileType = sourcecode.c.objc; path = BoolNode.m; sourceTree = "<group>"; };
		A87069F21AAB6670001AA6E9 /* ViewController.h */ = {isa = PBXFileReference; fileEncoding = 4; lastKnownFileType = sourcecode.c.h; path = ViewController.h; sourceTree = "<group>"; };
		A87069F31AAB6670001AA6E9 /* ViewController.m */ = {isa = PBXFileReference; fileEncoding = 4; lastKnownFileType = sourcecode.c.objc; path = ViewController.m; sourceTree = "<group>"; };
		B25DD0DB1AB1EE47003EEE9D /* DetailSettingsController.h */ = {isa = PBXFileReference; fileEncoding = 4; lastKnownFileType = sourcecode.c.h; path = DetailSettingsController.h; sourceTree = "<group>"; };
		B25DD0DC1AB1EE47003EEE9D /* DetailSettingsController.m */ = {isa = PBXFileReference; fileEncoding = 4; lastKnownFileType = sourcecode.c.objc; path = DetailSettingsController.m; sourceTree = "<group>"; };
		B25DD0DE1AB1F030003EEE9D /* BaseCell.h */ = {isa = PBXFileReference; fileEncoding = 4; lastKnownFileType = sourcecode.c.h; path = BaseCell.h; sourceTree = "<group>"; };
		B25DD0DF1AB1F030003EEE9D /* BaseCell.m */ = {isa = PBXFileReference; fileEncoding = 4; lastKnownFileType = sourcecode.c.objc; path = BaseCell.m; sourceTree = "<group>"; };
		B25DD0E71AB1F12E003EEE9D /* DetailCell.h */ = {isa = PBXFileReference; fileEncoding = 4; lastKnownFileType = sourcecode.c.h; path = DetailCell.h; sourceTree = "<group>"; };
		B25DD0E81AB1F12E003EEE9D /* DetailCell.m */ = {isa = PBXFileReference; fileEncoding = 4; lastKnownFileType = sourcecode.c.objc; path = DetailCell.m; sourceTree = "<group>"; };
		B25DD0EA1AB1F198003EEE9D /* SwitchCell.h */ = {isa = PBXFileReference; fileEncoding = 4; lastKnownFileType = sourcecode.c.h; path = SwitchCell.h; sourceTree = "<group>"; };
		B25DD0EB1AB1F198003EEE9D /* SwitchCell.m */ = {isa = PBXFileReference; fileEncoding = 4; lastKnownFileType = sourcecode.c.objc; path = SwitchCell.m; sourceTree = "<group>"; };
/* End PBXFileReference section */

/* Begin PBXFrameworksBuildPhase section */
		A81D056F1AA8EF3100F204A5 /* Frameworks */ = {
			isa = PBXFrameworksBuildPhase;
			buildActionMask = 2147483647;
			files = (
			);
			runOnlyForDeploymentPostprocessing = 0;
		};
		A81D05881AA8EF3100F204A5 /* Frameworks */ = {
			isa = PBXFrameworksBuildPhase;
			buildActionMask = 2147483647;
			files = (
			);
			runOnlyForDeploymentPostprocessing = 0;
		};
/* End PBXFrameworksBuildPhase section */

/* Begin PBXGroup section */
		A81D05691AA8EF3100F204A5 = {
			isa = PBXGroup;
			children = (
				A81D05741AA8EF3100F204A5 /* HW_Settings */,
				A81D058E1AA8EF3100F204A5 /* HW_SettingsTests */,
				A81D05731AA8EF3100F204A5 /* Products */,
			);
			sourceTree = "<group>";
		};
		A81D05731AA8EF3100F204A5 /* Products */ = {
			isa = PBXGroup;
			children = (
				A81D05721AA8EF3100F204A5 /* HW_Settings.app */,
				A81D058B1AA8EF3100F204A5 /* HW_SettingsTests.xctest */,
			);
			name = Products;
			sourceTree = "<group>";
		};
		A81D05741AA8EF3100F204A5 /* HW_Settings */ = {
			isa = PBXGroup;
			children = (
				A81D05791AA8EF3100F204A5 /* AppDelegate.h */,
				A81D057A1AA8EF3100F204A5 /* AppDelegate.m */,
				A81D059B1AA8EF6900F204A5 /* Model */,
				A87069EB1AAAD8BE001AA6E9 /* ViewController */,
				A87069EA1AAAD8B5001AA6E9 /* View */,
				A81D05821AA8EF3100F204A5 /* Images.xcassets */,
				A81D05751AA8EF3100F204A5 /* Supporting Files */,
			);
			path = HW_Settings;
			sourceTree = "<group>";
		};
		A81D05751AA8EF3100F204A5 /* Supporting Files */ = {
			isa = PBXGroup;
			children = (
				A81D05761AA8EF3100F204A5 /* Info.plist */,
				A81D05771AA8EF3100F204A5 /* main.m */,
			);
			name = "Supporting Files";
			sourceTree = "<group>";
		};
		A81D058E1AA8EF3100F204A5 /* HW_SettingsTests */ = {
			isa = PBXGroup;
			children = (
				A81D05911AA8EF3100F204A5 /* HW_SettingsTests.m */,
				A81D058F1AA8EF3100F204A5 /* Supporting Files */,
			);
			path = HW_SettingsTests;
			sourceTree = "<group>";
		};
		A81D058F1AA8EF3100F204A5 /* Supporting Files */ = {
			isa = PBXGroup;
			children = (
				A81D05901AA8EF3100F204A5 /* Info.plist */,
			);
			name = "Supporting Files";
			sourceTree = "<group>";
		};
		A81D059B1AA8EF6900F204A5 /* Model */ = {
			isa = PBXGroup;
			children = (
				A81D059C1AA8F07200F204A5 /* BaseNode.h */,
				A81D059D1AA8F07200F204A5 /* BaseNode.m */,
				A87069EC1AAADB64001AA6E9 /* BoolNode.h */,
				A87069ED1AAADB64001AA6E9 /* BoolNode.m */,
				A81D059F1AA8F2E000F204A5 /* SelectNode.h */,
				A81D05A01AA8F2E000F204A5 /* SelectNode.m */,
				A81D05A51AA8F6D600F204A5 /* GroupNode.h */,
				A81D05A61AA8F6D600F204A5 /* GroupNode.m */,
				A81D05A81AA8F8D800F204A5 /* SettingsDataProvider.h */,
				A81D05A91AA8F8D800F204A5 /* SettingsDataProvider.m */,
			);
			name = Model;
			sourceTree = "<group>";
		};
		A87069EA1AAAD8B5001AA6E9 /* View */ = {
			isa = PBXGroup;
			children = (
				A81D057F1AA8EF3100F204A5 /* Main.storyboard */,
				A81D05841AA8EF3100F204A5 /* LaunchScreen.xib */,
			);
			name = View;
			sourceTree = "<group>";
		};
		A87069EB1AAAD8BE001AA6E9 /* ViewController */ = {
			isa = PBXGroup;
			children = (
				B25DD0ED1AB20A94003EEE9D /* Cells */,
				A87069F21AAB6670001AA6E9 /* ViewController.h */,
				A87069F31AAB6670001AA6E9 /* ViewController.m */,
				A81D057C1AA8EF3100F204A5 /* SettingsController.h */,
				A81D057D1AA8EF3100F204A5 /* SettingsController.m */,
				B25DD0DB1AB1EE47003EEE9D /* DetailSettingsController.h */,
				B25DD0DC1AB1EE47003EEE9D /* DetailSettingsController.m */,
			);
			name = ViewController;
			sourceTree = "<group>";
		};
		B25DD0ED1AB20A94003EEE9D /* Cells */ = {
			isa = PBXGroup;
			children = (
				B25DD0DE1AB1F030003EEE9D /* BaseCell.h */,
				B25DD0DF1AB1F030003EEE9D /* BaseCell.m */,
				B25DD0E71AB1F12E003EEE9D /* DetailCell.h */,
				B25DD0E81AB1F12E003EEE9D /* DetailCell.m */,
				B25DD0EA1AB1F198003EEE9D /* SwitchCell.h */,
				B25DD0EB1AB1F198003EEE9D /* SwitchCell.m */,
			);
			name = Cells;
			sourceTree = "<group>";
		};
/* End PBXGroup section */

/* Begin PBXNativeTarget section */
		A81D05711AA8EF3100F204A5 /* HW_Settings */ = {
			isa = PBXNativeTarget;
			buildConfigurationList = A81D05951AA8EF3100F204A5 /* Build configuration list for PBXNativeTarget "HW_Settings" */;
			buildPhases = (
				A81D056E1AA8EF3100F204A5 /* Sources */,
				A81D056F1AA8EF3100F204A5 /* Frameworks */,
				A81D05701AA8EF3100F204A5 /* Resources */,
			);
			buildRules = (
			);
			dependencies = (
			);
			name = HW_Settings;
			productName = HW_Settings;
			productReference = A81D05721AA8EF3100F204A5 /* HW_Settings.app */;
			productType = "com.apple.product-type.application";
		};
		A81D058A1AA8EF3100F204A5 /* HW_SettingsTests */ = {
			isa = PBXNativeTarget;
			buildConfigurationList = A81D05981AA8EF3100F204A5 /* Build configuration list for PBXNativeTarget "HW_SettingsTests" */;
			buildPhases = (
				A81D05871AA8EF3100F204A5 /* Sources */,
				A81D05881AA8EF3100F204A5 /* Frameworks */,
				A81D05891AA8EF3100F204A5 /* Resources */,
			);
			buildRules = (
			);
			dependencies = (
				A81D058D1AA8EF3100F204A5 /* PBXTargetDependency */,
			);
			name = HW_SettingsTests;
			productName = HW_SettingsTests;
			productReference = A81D058B1AA8EF3100F204A5 /* HW_SettingsTests.xctest */;
			productType = "com.apple.product-type.bundle.unit-test";
		};
/* End PBXNativeTarget section */

/* Begin PBXProject section */
		A81D056A1AA8EF3100F204A5 /* Project object */ = {
			isa = PBXProject;
			attributes = {
				LastUpgradeCheck = 0610;
				ORGANIZATIONNAME = Alexander;
				TargetAttributes = {
					A81D05711AA8EF3100F204A5 = {
						CreatedOnToolsVersion = 6.1.1;
					};
					A81D058A1AA8EF3100F204A5 = {
						CreatedOnToolsVersion = 6.1.1;
						TestTargetID = A81D05711AA8EF3100F204A5;
					};
				};
			};
			buildConfigurationList = A81D056D1AA8EF3100F204A5 /* Build configuration list for PBXProject "HW_Settings" */;
			compatibilityVersion = "Xcode 3.2";
			developmentRegion = English;
			hasScannedForEncodings = 0;
			knownRegions = (
				en,
				Base,
			);
			mainGroup = A81D05691AA8EF3100F204A5;
			productRefGroup = A81D05731AA8EF3100F204A5 /* Products */;
			projectDirPath = "";
			projectRoot = "";
			targets = (
				A81D05711AA8EF3100F204A5 /* HW_Settings */,
				A81D058A1AA8EF3100F204A5 /* HW_SettingsTests */,
			);
		};
/* End PBXProject section */

/* Begin PBXResourcesBuildPhase section */
		A81D05701AA8EF3100F204A5 /* Resources */ = {
			isa = PBXResourcesBuildPhase;
			buildActionMask = 2147483647;
			files = (
				A81D05811AA8EF3100F204A5 /* Main.storyboard in Resources */,
				A81D05861AA8EF3100F204A5 /* LaunchScreen.xib in Resources */,
				A81D05831AA8EF3100F204A5 /* Images.xcassets in Resources */,
			);
			runOnlyForDeploymentPostprocessing = 0;
		};
		A81D05891AA8EF3100F204A5 /* Resources */ = {
			isa = PBXResourcesBuildPhase;
			buildActionMask = 2147483647;
			files = (
			);
			runOnlyForDeploymentPostprocessing = 0;
		};
/* End PBXResourcesBuildPhase section */

/* Begin PBXSourcesBuildPhase section */
		A81D056E1AA8EF3100F204A5 /* Sources */ = {
			isa = PBXSourcesBuildPhase;
			buildActionMask = 2147483647;
			files = (
				A81D057E1AA8EF3100F204A5 /* SettingsController.m in Sources */,
				B25DD0DD1AB1EE47003EEE9D /* DetailSettingsController.m in Sources */,
				A81D059E1AA8F07200F204A5 /* BaseNode.m in Sources */,
				A81D057B1AA8EF3100F204A5 /* AppDelegate.m in Sources */,
				B25DD0EC1AB1F198003EEE9D /* SwitchCell.m in Sources */,
				A87069F41AAB6670001AA6E9 /* ViewController.m in Sources */,
				A81D05A71AA8F6D600F204A5 /* GroupNode.m in Sources */,
				A81D05A11AA8F2E000F204A5 /* SelectNode.m in Sources */,
				B25DD0E91AB1F12E003EEE9D /* DetailCell.m in Sources */,
				A81D05AA1AA8F8D800F204A5 /* SettingsDataProvider.m in Sources */,
				A81D05781AA8EF3100F204A5 /* main.m in Sources */,
				B25DD0E01AB1F030003EEE9D /* BaseCell.m in Sources */,
				A87069EE1AAADB64001AA6E9 /* BoolNode.m in Sources */,
			);
			runOnlyForDeploymentPostprocessing = 0;
		};
		A81D05871AA8EF3100F204A5 /* Sources */ = {
			isa = PBXSourcesBuildPhase;
			buildActionMask = 2147483647;
			files = (
				A81D05921AA8EF3100F204A5 /* HW_SettingsTests.m in Sources */,
			);
			runOnlyForDeploymentPostprocessing = 0;
		};
/* End PBXSourcesBuildPhase section */

/* Begin PBXTargetDependency section */
		A81D058D1AA8EF3100F204A5 /* PBXTargetDependency */ = {
			isa = PBXTargetDependency;
			target = A81D05711AA8EF3100F204A5 /* HW_Settings */;
			targetProxy = A81D058C1AA8EF3100F204A5 /* PBXContainerItemProxy */;
		};
/* End PBXTargetDependency section */

/* Begin PBXVariantGroup section */
		A81D057F1AA8EF3100F204A5 /* Main.storyboard */ = {
			isa = PBXVariantGroup;
			children = (
				A81D05801AA8EF3100F204A5 /* Base */,
			);
			name = Main.storyboard;
			sourceTree = "<group>";
		};
		A81D05841AA8EF3100F204A5 /* LaunchScreen.xib */ = {
			isa = PBXVariantGroup;
			children = (
				A81D05851AA8EF3100F204A5 /* Base */,
			);
			name = LaunchScreen.xib;
			sourceTree = "<group>";
		};
/* End PBXVariantGroup section */

/* Begin XCBuildConfiguration section */
		A81D05931AA8EF3100F204A5 /* Debug */ = {
			isa = XCBuildConfiguration;
			buildSettings = {
				ALWAYS_SEARCH_USER_PATHS = NO;
				CLANG_CXX_LANGUAGE_STANDARD = "gnu++0x";
				CLANG_CXX_LIBRARY = "libc++";
				CLANG_ENABLE_MODULES = YES;
				CLANG_ENABLE_OBJC_ARC = YES;
				CLANG_WARN_BOOL_CONVERSION = YES;
				CLANG_WARN_CONSTANT_CONVERSION = YES;
				CLANG_WARN_DIRECT_OBJC_ISA_USAGE = YES_ERROR;
				CLANG_WARN_EMPTY_BODY = YES;
				CLANG_WARN_ENUM_CONVERSION = YES;
				CLANG_WARN_INT_CONVERSION = YES;
				CLANG_WARN_OBJC_ROOT_CLASS = YES_ERROR;
				CLANG_WARN_UNREACHABLE_CODE = YES;
				CLANG_WARN__DUPLICATE_METHOD_MATCH = YES;
				"CODE_SIGN_IDENTITY[sdk=iphoneos*]" = "iPhone Developer";
				COPY_PHASE_STRIP = NO;
				ENABLE_STRICT_OBJC_MSGSEND = YES;
				GCC_C_LANGUAGE_STANDARD = gnu99;
				GCC_DYNAMIC_NO_PIC = NO;
				GCC_OPTIMIZATION_LEVEL = 0;
				GCC_PREPROCESSOR_DEFINITIONS = (
					"DEBUG=1",
					"$(inherited)",
				);
				GCC_SYMBOLS_PRIVATE_EXTERN = NO;
				GCC_WARN_64_TO_32_BIT_CONVERSION = YES;
				GCC_WARN_ABOUT_RETURN_TYPE = YES_ERROR;
				GCC_WARN_UNDECLARED_SELECTOR = YES;
				GCC_WARN_UNINITIALIZED_AUTOS = YES_AGGRESSIVE;
				GCC_WARN_UNUSED_FUNCTION = YES;
				GCC_WARN_UNUSED_VARIABLE = YES;
				IPHONEOS_DEPLOYMENT_TARGET = 8.1;
				MTL_ENABLE_DEBUG_INFO = YES;
				ONLY_ACTIVE_ARCH = YES;
				SDKROOT = iphoneos;
			};
			name = Debug;
		};
		A81D05941AA8EF3100F204A5 /* Release */ = {
			isa = XCBuildConfiguration;
			buildSettings = {
				ALWAYS_SEARCH_USER_PATHS = NO;
				CLANG_CXX_LANGUAGE_STANDARD = "gnu++0x";
				CLANG_CXX_LIBRARY = "libc++";
				CLANG_ENABLE_MODULES = YES;
				CLANG_ENABLE_OBJC_ARC = YES;
				CLANG_WARN_BOOL_CONVERSION = YES;
				CLANG_WARN_CONSTANT_CONVERSION = YES;
				CLANG_WARN_DIRECT_OBJC_ISA_USAGE = YES_ERROR;
				CLANG_WARN_EMPTY_BODY = YES;
				CLANG_WARN_ENUM_CONVERSION = YES;
				CLANG_WARN_INT_CONVERSION = YES;
				CLANG_WARN_OBJC_ROOT_CLASS = YES_ERROR;
				CLANG_WARN_UNREACHABLE_CODE = YES;
				CLANG_WARN__DUPLICATE_METHOD_MATCH = YES;
				"CODE_SIGN_IDENTITY[sdk=iphoneos*]" = "iPhone Developer";
				COPY_PHASE_STRIP = YES;
				ENABLE_NS_ASSERTIONS = NO;
				ENABLE_STRICT_OBJC_MSGSEND = YES;
				GCC_C_LANGUAGE_STANDARD = gnu99;
				GCC_WARN_64_TO_32_BIT_CONVERSION = YES;
				GCC_WARN_ABOUT_RETURN_TYPE = YES_ERROR;
				GCC_WARN_UNDECLARED_SELECTOR = YES;
				GCC_WARN_UNINITIALIZED_AUTOS = YES_AGGRESSIVE;
				GCC_WARN_UNUSED_FUNCTION = YES;
				GCC_WARN_UNUSED_VARIABLE = YES;
				IPHONEOS_DEPLOYMENT_TARGET = 8.1;
				MTL_ENABLE_DEBUG_INFO = NO;
				SDKROOT = iphoneos;
				VALIDATE_PRODUCT = YES;
			};
			name = Release;
		};
		A81D05961AA8EF3100F204A5 /* Debug */ = {
			isa = XCBuildConfiguration;
			buildSettings = {
				ASSETCATALOG_COMPILER_APPICON_NAME = AppIcon;
				INFOPLIST_FILE = HW_Settings/Info.plist;
				LD_RUNPATH_SEARCH_PATHS = "$(inherited) @executable_path/Frameworks";
				PRODUCT_NAME = "$(TARGET_NAME)";
			};
			name = Debug;
		};
		A81D05971AA8EF3100F204A5 /* Release */ = {
			isa = XCBuildConfiguration;
			buildSettings = {
				ASSETCATALOG_COMPILER_APPICON_NAME = AppIcon;
				INFOPLIST_FILE = HW_Settings/Info.plist;
				LD_RUNPATH_SEARCH_PATHS = "$(inherited) @executable_path/Frameworks";
				PRODUCT_NAME = "$(TARGET_NAME)";
			};
			name = Release;
		};
		A81D05991AA8EF3100F204A5 /* Debug */ = {
			isa = XCBuildConfiguration;
			buildSettings = {
				BUNDLE_LOADER = "$(TEST_HOST)";
				FRAMEWORK_SEARCH_PATHS = (
					"$(SDKROOT)/Developer/Library/Frameworks",
					"$(inherited)",
				);
				GCC_PREPROCESSOR_DEFINITIONS = (
					"DEBUG=1",
					"$(inherited)",
				);
				INFOPLIST_FILE = HW_SettingsTests/Info.plist;
				LD_RUNPATH_SEARCH_PATHS = "$(inherited) @executable_path/Frameworks @loader_path/Frameworks";
				PRODUCT_NAME = "$(TARGET_NAME)";
				TEST_HOST = "$(BUILT_PRODUCTS_DIR)/HW_Settings.app/HW_Settings";
			};
			name = Debug;
		};
		A81D059A1AA8EF3100F204A5 /* Release */ = {
			isa = XCBuildConfiguration;
			buildSettings = {
				BUNDLE_LOADER = "$(TEST_HOST)";
				FRAMEWORK_SEARCH_PATHS = (
					"$(SDKROOT)/Developer/Library/Frameworks",
					"$(inherited)",
				);
				INFOPLIST_FILE = HW_SettingsTests/Info.plist;
				LD_RUNPATH_SEARCH_PATHS = "$(inherited) @executable_path/Frameworks @loader_path/Frameworks";
				PRODUCT_NAME = "$(TARGET_NAME)";
				TEST_HOST = "$(BUILT_PRODUCTS_DIR)/HW_Settings.app/HW_Settings";
			};
			name = Release;
		};
/* End XCBuildConfiguration section */

/* Begin XCConfigurationList section */
		A81D056D1AA8EF3100F204A5 /* Build configuration list for PBXProject "HW_Settings" */ = {
			isa = XCConfigurationList;
			buildConfigurations = (
				A81D05931AA8EF3100F204A5 /* Debug */,
				A81D05941AA8EF3100F204A5 /* Release */,
			);
			defaultConfigurationIsVisible = 0;
			defaultConfigurationName = Release;
		};
		A81D05951AA8EF3100F204A5 /* Build configuration list for PBXNativeTarget "HW_Settings" */ = {
			isa = XCConfigurationList;
			buildConfigurations = (
				A81D05961AA8EF3100F204A5 /* Debug */,
				A81D05971AA8EF3100F204A5 /* Release */,
			);
			defaultConfigurationIsVisible = 0;
			defaultConfigurationName = Release;
		};
		A81D05981AA8EF3100F204A5 /* Build configuration list for PBXNativeTarget "HW_SettingsTests" */ = {
			isa = XCConfigurationList;
			buildConfigurations = (
				A81D05991AA8EF3100F204A5 /* Debug */,
				A81D059A1AA8EF3100F204A5 /* Release */,
			);
			defaultConfigurationIsVisible = 0;
			defaultConfigurationName = Release;
		};
/* End XCConfigurationList section */
	};
	rootObject = A81D056A1AA8EF3100F204A5 /* Project object */;
}
